# This is a Gradle generated file for dependency locking.
# Manual edits can break the build and are not advised.
# This file is expected to be part of source control.
androidx.annotation:annotation-jvm:1.9.1=compileClasspath,kspKotlinProcessorClasspath,kspTestKotlinProcessorClasspath,runtimeClasspath,testCompileClasspath,testRuntimeClasspath
androidx.annotation:annotation:1.9.1=compileClasspath,implementationDependenciesMetadata,kspKotlinProcessorClasspath,kspTestKotlinProcessorClasspath,runtimeClasspath,testCompileClasspath,testImplementationDependenciesMetadata,testRuntimeClasspath
androidx.collection:collection-jvm:1.4.2=compileClasspath,runtimeClasspath,testCompileClasspath,testRuntimeClasspath
androidx.collection:collection:1.4.2=compileClasspath,implementationDependenciesMetadata,runtimeClasspath,testCompileClasspath,testImplementationDependenciesMetadata,testRuntimeClasspath
androidx.room:room-common-jvm:2.7.2=compileClasspath,kspKotlinProcessorClasspath,kspTestKotlinProcessorClasspath,runtimeClasspath,testCompileClasspath,testRuntimeClasspath
androidx.room:room-common:2.7.2=compileClasspath,implementationDependenciesMetadata,kspKotlinProcessorClasspath,kspTestKotlinProcessorClasspath,runtimeClasspath,testCompileClasspath,testImplementationDependenciesMetadata,testRuntimeClasspath
androidx.room:room-compiler-processing:2.7.2=kspKotlinProcessorClasspath,kspTestKotlinProcessorClasspath
androidx.room:room-compiler:2.7.2=kspKotlinProcessorClasspath,kspTestKotlinProcessorClasspath
androidx.room:room-external-antlr:2.7.2=kspKotlinProcessorClasspath,kspTestKotlinProcessorClasspath
androidx.room:room-migration-jvm:2.7.2=kspKotlinProcessorClasspath,kspTestKotlinProcessorClasspath
androidx.room:room-migration:2.7.2=kspKotlinProcessorClasspath,kspTestKotlinProcessorClasspath
androidx.room:room-runtime-jvm:2.7.2=compileClasspath,runtimeClasspath,testCompileClasspath,testRuntimeClasspath
androidx.room:room-runtime:2.7.2=compileClasspath,implementationDependenciesMetadata,runtimeClasspath,testCompileClasspath,testImplementationDependenciesMetadata,testRuntimeClasspath
androidx.sqlite:sqlite-bundled-jvm:2.5.2=compileClasspath,runtimeClasspath,testCompileClasspath,testRuntimeClasspath
androidx.sqlite:sqlite-bundled:2.5.2=compileClasspath,implementationDependenciesMetadata,runtimeClasspath,testCompileClasspath,testImplementationDependenciesMetadata,testRuntimeClasspath
androidx.sqlite:sqlite-framework:2.5.2=implementationDependenciesMetadata,testImplementationDependenciesMetadata
androidx.sqlite:sqlite-jvm:2.5.2=compileClasspath,runtimeClasspath,testCompileClasspath,testRuntimeClasspath
androidx.sqlite:sqlite:2.5.2=compileClasspath,implementationDependenciesMetadata,runtimeClasspath,testCompileClasspath,testImplementationDependenciesMetadata,testRuntimeClasspath
com.google.auto.value:auto-value-annotations:1.6.3=kspKotlinProcessorClasspath,kspTestKotlinProcessorClasspath
com.google.auto:auto-common:1.2.1=kspKotlinProcessorClasspath,kspTestKotlinProcessorClasspath
com.google.code.findbugs:jsr305:3.0.2=kspKotlinProcessorClasspath,kspTestKotlinProcessorClasspath
com.google.devtools.ksp:symbol-processing-api:2.0.10-1.0.24=kspKotlinProcessorClasspath,kspTestKotlinProcessorClasspath
com.google.devtools.ksp:symbol-processing-api:2.1.20-2.0.1=kotlinCompilerPluginClasspathMain,kotlinCompilerPluginClasspathTest,kspPluginClasspath,kspPluginClasspathNonEmbeddable
com.google.devtools.ksp:symbol-processing-cmdline:2.1.20-2.0.1=kspPluginClasspathNonEmbeddable
com.google.devtools.ksp:symbol-processing:2.1.20-2.0.1=kotlinCompilerPluginClasspathMain,kotlinCompilerPluginClasspathTest,kspPluginClasspath
com.google.errorprone:error_prone_annotations:2.26.1=kspKotlinProcessorClasspath,kspTestKotlinProcessorClasspath
com.google.guava:failureaccess:1.0.2=kspKotlinProcessorClasspath,kspTestKotlinProcessorClasspath
com.google.guava:guava:33.2.1-jre=kspKotlinProcessorClasspath,kspTestKotlinProcessorClasspath
com.google.guava:listenablefuture:9999.0-empty-to-avoid-conflict-with-guava=kspKotlinProcessorClasspath,kspTestKotlinProcessorClasspath
com.intellij:annotations:12.0=kspKotlinProcessorClasspath,kspTestKotlinProcessorClasspath
com.squareup:javapoet:1.13.0=kspKotlinProcessorClasspath,kspTestKotlinProcessorClasspath
com.squareup:kotlinpoet-javapoet:1.17.0=kspKotlinProcessorClasspath,kspTestKotlinProcessorClasspath
com.squareup:kotlinpoet-jvm:1.17.0=kspKotlinProcessorClasspath,kspTestKotlinProcessorClasspath
com.squareup:kotlinpoet:1.17.0=kspKotlinProcessorClasspath,kspTestKotlinProcessorClasspath
commons-codec:commons-codec:1.15=kspKotlinProcessorClasspath,kspTestKotlinProcessorClasspath
org.apiguardian:apiguardian-api:1.1.2=testCompileClasspath,testImplementationDependenciesMetadata
org.checkerframework:checker-qual:3.42.0=kspKotlinProcessorClasspath,kspTestKotlinProcessorClasspath
org.jetbrains.intellij.deps:trove4j:1.0.20200330=kotlinBuildToolsApiClasspath,kotlinCompilerClasspath,kotlinKlibCommonizerClasspath
org.jetbrains.kotlin:kotlin-build-tools-api:2.1.20=kotlinBuildToolsApiClasspath
org.jetbrains.kotlin:kotlin-build-tools-impl:2.1.20=kotlinBuildToolsApiClasspath
org.jetbrains.kotlin:kotlin-compiler-embeddable:2.1.20=kotlinBuildToolsApiClasspath,kotlinCompilerClasspath,kotlinKlibCommonizerClasspath
org.jetbrains.kotlin:kotlin-compiler-runner:2.1.20=kotlinBuildToolsApiClasspath
org.jetbrains.kotlin:kotlin-daemon-client:2.1.20=kotlinBuildToolsApiClasspath
org.jetbrains.kotlin:kotlin-daemon-embeddable:2.1.20=kotlinBuildToolsApiClasspath,kotlinCompilerClasspath,kotlinKlibCommonizerClasspath
org.jetbrains.kotlin:kotlin-klib-commonizer-embeddable:2.1.20=kotlinKlibCommonizerClasspath
org.jetbrains.kotlin:kotlin-metadata-jvm:2.1.10=kspKotlinProcessorClasspath,kspTestKotlinProcessorClasspath
org.jetbrains.kotlin:kotlin-reflect:1.6.10=kotlinBuildToolsApiClasspath,kotlinCompilerClasspath,kotlinKlibCommonizerClasspath
org.jetbrains.kotlin:kotlin-reflect:1.9.24=kspKotlinProcessorClasspath,kspTestKotlinProcessorClasspath
org.jetbrains.kotlin:kotlin-script-runtime:2.1.20=kotlinBuildToolsApiClasspath,kotlinCompilerClasspath,kotlinCompilerPluginClasspathMain,kotlinCompilerPluginClasspathTest,kotlinKlibCommonizerClasspath
org.jetbrains.kotlin:kotlin-scripting-common:2.1.20=kotlinBuildToolsApiClasspath,kotlinCompilerPluginClasspathMain,kotlinCompilerPluginClasspathTest
org.jetbrains.kotlin:kotlin-scripting-compiler-embeddable:2.1.20=kotlinBuildToolsApiClasspath,kotlinCompilerPluginClasspathMain,kotlinCompilerPluginClasspathTest
org.jetbrains.kotlin:kotlin-scripting-compiler-impl-embeddable:2.1.20=kotlinBuildToolsApiClasspath,kotlinCompilerPluginClasspathMain,kotlinCompilerPluginClasspathTest
org.jetbrains.kotlin:kotlin-scripting-jvm:2.1.20=kotlinBuildToolsApiClasspath,kotlinCompilerPluginClasspathMain,kotlinCompilerPluginClasspathTest
org.jetbrains.kotlin:kotlin-serialization-compiler-plugin-embeddable:2.1.20=kotlinCompilerPluginClasspathMain,kotlinCompilerPluginClasspathTest
org.jetbrains.kotlin:kotlin-stdlib-common:2.1.10=kspKotlinProcessorClasspath,kspTestKotlinProcessorClasspath
org.jetbrains.kotlin:kotlin-stdlib-common:2.1.20=implementationDependenciesMetadata,kotlinCompilerPluginClasspathMain,kotlinCompilerPluginClasspathTest,kspPluginClasspath,kspPluginClasspathNonEmbeddable,testImplementationDependenciesMetadata
org.jetbrains.kotlin:kotlin-stdlib-jdk7:1.9.24=kspKotlinProcessorClasspath,kspTestKotlinProcessorClasspath
org.jetbrains.kotlin:kotlin-stdlib-jdk8:1.9.24=kspKotlinProcessorClasspath,kspTestKotlinProcessorClasspath
org.jetbrains.kotlin:kotlin-stdlib:2.1.10=kspKotlinProcessorClasspath,kspTestKotlinProcessorClasspath
org.jetbrains.kotlin:kotlin-stdlib:2.1.20=apiDependenciesMetadata,compileClasspath,implementationDependenciesMetadata,kotlinBuildToolsApiClasspath,kotlinCompilerClasspath,kotlinCompilerPluginClasspathMain,kotlinCompilerPluginClasspathTest,kotlinKlibCommonizerClasspath,kspPluginClasspath,kspPluginClasspathNonEmbeddable,runtimeClasspath,testCompileClasspath,testImplementationDependenciesMetadata,testRuntimeClasspath
org.jetbrains.kotlinx:atomicfu:0.23.1=implementationDependenciesMetadata,testImplementationDependenciesMetadata
org.jetbrains.kotlinx:kotlinx-coroutines-bom:1.10.2=compileClasspath,runtimeClasspath,testCompileClasspath,testRuntimeClasspath
org.jetbrains.kotlinx:kotlinx-coroutines-core-jvm:1.10.2=compileClasspath,runtimeClasspath,testCompileClasspath,testRuntimeClasspath
org.jetbrains.kotlinx:kotlinx-coroutines-core-jvm:1.8.0=kotlinBuildToolsApiClasspath,kotlinCompilerClasspath,kotlinKlibCommonizerClasspath
org.jetbrains.kotlinx:kotlinx-coroutines-core:1.10.2=compileClasspath,implementationDependenciesMetadata,runtimeClasspath,testCompileClasspath,testImplementationDependenciesMetadata,testRuntimeClasspath
org.jetbrains.kotlinx:kotlinx-serialization-bom:1.6.3=kotlinCompilerPluginClasspathMain,kotlinCompilerPluginClasspathTest,kspKotlinProcessorClasspath,kspPluginClasspath,kspPluginClasspathNonEmbeddable,kspTestKotlinProcessorClasspath
org.jetbrains.kotlinx:kotlinx-serialization-bom:1.8.0=compileClasspath,runtimeClasspath,testCompileClasspath,testRuntimeClasspath
org.jetbrains.kotlinx:kotlinx-serialization-core-jvm:1.6.3=kotlinCompilerPluginClasspathMain,kotlinCompilerPluginClasspathTest,kspKotlinProcessorClasspath,kspPluginClasspath,kspPluginClasspathNonEmbeddable,kspTestKotlinProcessorClasspath
org.jetbrains.kotlinx:kotlinx-serialization-core-jvm:1.8.0=compileClasspath,runtimeClasspath,testCompileClasspath,testRuntimeClasspath
org.jetbrains.kotlinx:kotlinx-serialization-core:1.6.3=kotlinCompilerPluginClasspathMain,kotlinCompilerPluginClasspathTest,kspKotlinProcessorClasspath,kspPluginClasspath,kspPluginClasspathNonEmbeddable,kspTestKotlinProcessorClasspath
org.jetbrains.kotlinx:kotlinx-serialization-core:1.8.0=compileClasspath,implementationDependenciesMetadata,runtimeClasspath,testCompileClasspath,testImplementationDependenciesMetadata,testRuntimeClasspath
org.jetbrains.kotlinx:kotlinx-serialization-json-jvm:1.6.3=kotlinCompilerPluginClasspathMain,kotlinCompilerPluginClasspathTest,kspKotlinProcessorClasspath,kspPluginClasspath,kspPluginClasspathNonEmbeddable,kspTestKotlinProcessorClasspath
org.jetbrains.kotlinx:kotlinx-serialization-json-jvm:1.8.0=compileClasspath,runtimeClasspath,testCompileClasspath,testRuntimeClasspath
org.jetbrains.kotlinx:kotlinx-serialization-json:1.6.3=kotlinCompilerPluginClasspathMain,kotlinCompilerPluginClasspathTest,kspKotlinProcessorClasspath,kspPluginClasspath,kspPluginClasspathNonEmbeddable,kspTestKotlinProcessorClasspath
org.jetbrains.kotlinx:kotlinx-serialization-json:1.8.0=compileClasspath,implementationDependenciesMetadata,runtimeClasspath,testCompileClasspath,testImplementationDependenciesMetadata,testRuntimeClasspath
org.jetbrains:annotations:13.0=kotlinBuildToolsApiClasspath,kotlinCompilerClasspath,kotlinCompilerPluginClasspathMain,kotlinCompilerPluginClasspathTest,kotlinKlibCommonizerClasspath,kspKotlinProcessorClasspath,kspPluginClasspath,kspPluginClasspathNonEmbeddable,kspTestKotlinProcessorClasspath
org.jetbrains:annotations:23.0.0=compileClasspath,runtimeClasspath,testCompileClasspath,testRuntimeClasspath
org.jspecify:jspecify:1.0.0=kspKotlinProcessorClasspath,kspTestKotlinProcessorClasspath
org.junit.jupiter:junit-jupiter-api:5.11.4=testCompileClasspath,testImplementationDependenciesMetadata,testRuntimeClasspath
org.junit.jupiter:junit-jupiter-engine:5.11.4=testRuntimeClasspath
org.junit.jupiter:junit-jupiter-params:5.11.4=testCompileClasspath,testImplementationDependenciesMetadata,testRuntimeClasspath
org.junit.jupiter:junit-jupiter:5.11.4=testCompileClasspath,testImplementationDependenciesMetadata,testRuntimeClasspath
org.junit.platform:junit-platform-commons:1.11.4=testCompileClasspath,testImplementationDependenciesMetadata,testRuntimeClasspath
org.junit.platform:junit-platform-engine:1.11.4=testRuntimeClasspath
org.junit.platform:junit-platform-launcher:1.11.4=testRuntimeClasspath
org.junit:junit-bom:5.11.4=testCompileClasspath,testImplementationDependenciesMetadata,testRuntimeClasspath
org.opentest4j:opentest4j:1.3.0=testCompileClasspath,testImplementationDependenciesMetadata,testRuntimeClasspath
org.xerial:sqlite-jdbc:3.41.2.2=kspKotlinProcessorClasspath,kspTestKotlinProcessorClasspath
empty=annotationProcessor,compileOnlyDependenciesMetadata,intransitiveDependenciesMetadata,kotlinCompilerPluginClasspath,kotlinNativeCompilerPluginClasspath,kotlinScriptDefExtensions,testAnnotationProcessor,testApiDependenciesMetadata,testCompileOnlyDependenciesMetadata,testIntransitiveDependenciesMetadata,testKotlinScriptDefExtensions
