// !$*UTF8*$!
{
    archiveVersion = 1;
    classes = {};
    objectVersion = 60;
    objects = {
        000000000000000000000001 = {isa = PBXBuildFile; fileRef = 000000000000000000000011; };
        000000000000000000000002 = {isa = PBXBuildFile; fileRef = 000000000000000000000012; };
        000000000000000000000003 = {isa = PBXBuildFile; fileRef = 000000000000000000000013; };
        000000000000000000000004 = {isa = PBXBuildFile; fileRef = 000000000000000000000016; };
        000000000000000000000005 = {isa = PBXBuildFile; fileRef = 000000000000000000000017; };
        000000000000000000000006 = {isa = PBXBuildFile; fileRef = 000000000000000000000018; };
        000000000000000000000007 = {isa = PBXBuildFile; productRef = 000000000000000000000091; };
        000000000000000000000008 = {isa = PBXBuildFile; fileRef = 000000000000000000000022; };
        000000000000000000000009 = {isa = PBXBuildFile; fileRef = 000000000000000000000023; };

        000000000000000000000011 = {isa = PBXFileReference; lastKnownFileType = sourcecode.swift; path = DailyGoApp.swift; sourceTree = "<group>"; };
        000000000000000000000012 = {isa = PBXFileReference; lastKnownFileType = sourcecode.swift; path = AppOverview.swift; sourceTree = "<group>"; };
        000000000000000000000013 = {isa = PBXFileReference; lastKnownFileType = sourcecode.swift; path = TodayView.swift; sourceTree = "<group>"; };
        000000000000000000000014 = {isa = PBXFileReference; lastKnownFileType = text.plist.xml; path = Info.plist; sourceTree = "<group>"; };
        000000000000000000000015 = {isa = PBXFileReference; lastKnownFileType = text.plist.entitlements; path = DailyGo.entitlements; sourceTree = "<group>"; };
        000000000000000000000016 = {isa = PBXFileReference; lastKnownFileType = text.plist.xml; path = PrivacyInfo.xcprivacy; sourceTree = "<group>"; };
        000000000000000000000017 = {isa = PBXFileReference; lastKnownFileType = sourcecode.swift; path = AppOverviewTests.swift; sourceTree = "<group>"; };
        000000000000000000000018 = {isa = PBXFileReference; lastKnownFileType = sourcecode.swift; path = LaunchTests.swift; sourceTree = "<group>"; };
        000000000000000000000019 = {isa = PBXFileReference; explicitFileType = wrapper.application; includeInIndex = 0; path = DailyGo.app; sourceTree = BUILT_PRODUCTS_DIR; };
        000000000000000000000020 = {isa = PBXFileReference; explicitFileType = wrapper.cfbundle; includeInIndex = 0; path = DailyGoTests.xctest; sourceTree = BUILT_PRODUCTS_DIR; };
        000000000000000000000021 = {isa = PBXFileReference; explicitFileType = wrapper.cfbundle; includeInIndex = 0; path = DailyGoUITests.xctest; sourceTree = BUILT_PRODUCTS_DIR; };
        000000000000000000000022 = {isa = PBXFileReference; lastKnownFileType = sourcecode.swift; path = BrandMark.swift; sourceTree = "<group>"; };
        000000000000000000000023 = {isa = PBXFileReference; lastKnownFileType = folder.assetcatalog; path = Assets.xcassets; sourceTree = "<group>"; };

        000000000000000000000030 = {
            isa = PBXGroup;
            children = (000000000000000000000031, 000000000000000000000032, 000000000000000000000033, 000000000000000000000034);
            sourceTree = "<group>";
        };
        000000000000000000000031 = {isa = PBXGroup; children = (000000000000000000000011, 000000000000000000000012, 000000000000000000000013, 000000000000000000000022, 000000000000000000000023); path = Application; sourceTree = "<group>"; };
        000000000000000000000032 = {isa = PBXGroup; children = (000000000000000000000014, 000000000000000000000015, 000000000000000000000016); path = Configuration; sourceTree = "<group>"; };
        000000000000000000000033 = {isa = PBXGroup; children = (000000000000000000000017, 000000000000000000000018); path = Tests; sourceTree = "<group>"; };
        000000000000000000000034 = {isa = PBXGroup; children = (000000000000000000000019, 000000000000000000000020, 000000000000000000000021); name = Products; sourceTree = "<group>"; };

        000000000000000000000040 = {isa = PBXSourcesBuildPhase; buildActionMask = 2147483647; files = (000000000000000000000001, 000000000000000000000002, 000000000000000000000003, 000000000000000000000008); runOnlyForDeploymentPostprocessing = 0; };
        000000000000000000000041 = {isa = PBXFrameworksBuildPhase; buildActionMask = 2147483647; files = (000000000000000000000007); runOnlyForDeploymentPostprocessing = 0; };
        000000000000000000000042 = {isa = PBXResourcesBuildPhase; buildActionMask = 2147483647; files = (000000000000000000000004, 000000000000000000000009); runOnlyForDeploymentPostprocessing = 0; };
        000000000000000000000043 = {isa = PBXSourcesBuildPhase; buildActionMask = 2147483647; files = (000000000000000000000005); runOnlyForDeploymentPostprocessing = 0; };
        000000000000000000000044 = {isa = PBXFrameworksBuildPhase; buildActionMask = 2147483647; files = (); runOnlyForDeploymentPostprocessing = 0; };
        000000000000000000000045 = {isa = PBXResourcesBuildPhase; buildActionMask = 2147483647; files = (); runOnlyForDeploymentPostprocessing = 0; };
        000000000000000000000046 = {isa = PBXSourcesBuildPhase; buildActionMask = 2147483647; files = (000000000000000000000006); runOnlyForDeploymentPostprocessing = 0; };
        000000000000000000000047 = {isa = PBXFrameworksBuildPhase; buildActionMask = 2147483647; files = (); runOnlyForDeploymentPostprocessing = 0; };
        000000000000000000000048 = {isa = PBXResourcesBuildPhase; buildActionMask = 2147483647; files = (); runOnlyForDeploymentPostprocessing = 0; };

        000000000000000000000050 = {
            isa = PBXNativeTarget;
            buildConfigurationList = 000000000000000000000080;
            buildPhases = (000000000000000000000040, 000000000000000000000041, 000000000000000000000042);
            buildRules = (); dependencies = ();
            name = DailyGo;
            packageProductDependencies = (000000000000000000000091);
            productName = DailyGo; productReference = 000000000000000000000019;
            productType = "com.apple.product-type.application";
        };
        000000000000000000000051 = {
            isa = PBXNativeTarget;
            buildConfigurationList = 000000000000000000000081;
            buildPhases = (000000000000000000000043, 000000000000000000000044, 000000000000000000000045);
            buildRules = (); dependencies = (000000000000000000000060);
            name = DailyGoTests; productName = DailyGoTests;
            productReference = 000000000000000000000020;
            productType = "com.apple.product-type.bundle.unit-test";
        };
        000000000000000000000052 = {
            isa = PBXNativeTarget;
            buildConfigurationList = 000000000000000000000082;
            buildPhases = (000000000000000000000046, 000000000000000000000047, 000000000000000000000048);
            buildRules = (); dependencies = (000000000000000000000061);
            name = DailyGoUITests; productName = DailyGoUITests;
            productReference = 000000000000000000000021;
            productType = "com.apple.product-type.bundle.ui-testing";
        };
        000000000000000000000060 = {isa = PBXTargetDependency; target = 000000000000000000000050; targetProxy = 000000000000000000000062; };
        000000000000000000000061 = {isa = PBXTargetDependency; target = 000000000000000000000050; targetProxy = 000000000000000000000062; };
        000000000000000000000062 = {isa = PBXContainerItemProxy; containerPortal = 000000000000000000000099; proxyType = 1; remoteGlobalIDString = 000000000000000000000050; remoteInfo = DailyGo; };

        000000000000000000000070 = {isa = XCBuildConfiguration; buildSettings = {CLANG_ENABLE_MODULES = YES; SDKROOT = iphoneos; IPHONEOS_DEPLOYMENT_TARGET = 17.0; SWIFT_VERSION = 6.0; SWIFT_OPTIMIZATION_LEVEL = "-Onone"; SWIFT_ACTIVE_COMPILATION_CONDITIONS = DEBUG; ENABLE_TESTABILITY = YES; ONLY_ACTIVE_ARCH = YES; }; name = Debug; };
        000000000000000000000071 = {isa = XCBuildConfiguration; buildSettings = {CLANG_ENABLE_MODULES = YES; SDKROOT = iphoneos; IPHONEOS_DEPLOYMENT_TARGET = 17.0; SWIFT_VERSION = 6.0; SWIFT_COMPILATION_MODE = wholemodule; SWIFT_OPTIMIZATION_LEVEL = "-O"; }; name = Release; };
        000000000000000000000072 = {isa = XCBuildConfiguration; buildSettings = {ASSETCATALOG_COMPILER_APPICON_NAME = AppIcon; CODE_SIGN_STYLE = Automatic; CODE_SIGN_ENTITLEMENTS = Configuration/DailyGo.entitlements; INFOPLIST_FILE = Configuration/Info.plist; PRODUCT_BUNDLE_IDENTIFIER = com.dailygo; PRODUCT_NAME = "$(TARGET_NAME)"; CURRENT_PROJECT_VERSION = 1; MARKETING_VERSION = 0.1.0; TARGETED_DEVICE_FAMILY = "1,2"; }; name = Debug; };
        000000000000000000000073 = {isa = XCBuildConfiguration; buildSettings = {ASSETCATALOG_COMPILER_APPICON_NAME = AppIcon; CODE_SIGN_STYLE = Automatic; CODE_SIGN_ENTITLEMENTS = Configuration/DailyGo.entitlements; INFOPLIST_FILE = Configuration/Info.plist; PRODUCT_BUNDLE_IDENTIFIER = com.dailygo; PRODUCT_NAME = "$(TARGET_NAME)"; CURRENT_PROJECT_VERSION = 1; MARKETING_VERSION = 0.1.0; TARGETED_DEVICE_FAMILY = "1,2"; }; name = Release; };
        000000000000000000000074 = {isa = XCBuildConfiguration; buildSettings = {CODE_SIGN_STYLE = Automatic; GENERATE_INFOPLIST_FILE = YES; PRODUCT_BUNDLE_IDENTIFIER = com.dailygo.tests; PRODUCT_NAME = "$(TARGET_NAME)"; TEST_HOST = "$(BUILT_PRODUCTS_DIR)/DailyGo.app/DailyGo"; BUNDLE_LOADER = "$(TEST_HOST)"; TARGETED_DEVICE_FAMILY = "1,2"; }; name = Debug; };
        000000000000000000000075 = {isa = XCBuildConfiguration; buildSettings = {CODE_SIGN_STYLE = Automatic; GENERATE_INFOPLIST_FILE = YES; PRODUCT_BUNDLE_IDENTIFIER = com.dailygo.tests; PRODUCT_NAME = "$(TARGET_NAME)"; TEST_HOST = "$(BUILT_PRODUCTS_DIR)/DailyGo.app/DailyGo"; BUNDLE_LOADER = "$(TEST_HOST)"; TARGETED_DEVICE_FAMILY = "1,2"; }; name = Release; };
        000000000000000000000076 = {isa = XCBuildConfiguration; buildSettings = {CODE_SIGN_STYLE = Automatic; GENERATE_INFOPLIST_FILE = YES; PRODUCT_BUNDLE_IDENTIFIER = com.dailygo.uitests; PRODUCT_NAME = "$(TARGET_NAME)"; TEST_TARGET_NAME = DailyGo; TARGETED_DEVICE_FAMILY = "1,2"; }; name = Debug; };
        000000000000000000000077 = {isa = XCBuildConfiguration; buildSettings = {CODE_SIGN_STYLE = Automatic; GENERATE_INFOPLIST_FILE = YES; PRODUCT_BUNDLE_IDENTIFIER = com.dailygo.uitests; PRODUCT_NAME = "$(TARGET_NAME)"; TEST_TARGET_NAME = DailyGo; TARGETED_DEVICE_FAMILY = "1,2"; }; name = Release; };
        000000000000000000000080 = {isa = XCConfigurationList; buildConfigurations = (000000000000000000000072, 000000000000000000000073); defaultConfigurationIsVisible = 0; defaultConfigurationName = Release; };
        000000000000000000000081 = {isa = XCConfigurationList; buildConfigurations = (000000000000000000000074, 000000000000000000000075); defaultConfigurationIsVisible = 0; defaultConfigurationName = Release; };
        000000000000000000000082 = {isa = XCConfigurationList; buildConfigurations = (000000000000000000000076, 000000000000000000000077); defaultConfigurationIsVisible = 0; defaultConfigurationName = Release; };
        000000000000000000000083 = {isa = XCConfigurationList; buildConfigurations = (000000000000000000000070, 000000000000000000000071); defaultConfigurationIsVisible = 0; defaultConfigurationName = Release; };

        000000000000000000000090 = {isa = XCLocalSwiftPackageReference; relativePath = Packages/DailyGoDomain; };
        000000000000000000000091 = {isa = XCSwiftPackageProductDependency; package = 000000000000000000000090; productName = DailyGoDomain; };
        000000000000000000000099 = {
            isa = PBXProject;
            attributes = {LastUpgradeCheck = 1640; TargetAttributes = {000000000000000000000050 = {CreatedOnToolsVersion = 16.4; SystemCapabilities = {com.apple.HealthKit = {enabled = 1; }; }; }; 000000000000000000000051 = {CreatedOnToolsVersion = 16.4; TestTargetID = 000000000000000000000050; }; 000000000000000000000052 = {CreatedOnToolsVersion = 16.4; TestTargetID = 000000000000000000000050; }; }; };
            buildConfigurationList = 000000000000000000000083;
            compatibilityVersion = "Xcode 15.0";
            developmentRegion = en; hasScannedForEncodings = 0; knownRegions = (en, Base);
            mainGroup = 000000000000000000000030;
            packageReferences = (000000000000000000000090);
            productRefGroup = 000000000000000000000034;
            projectDirPath = ""; projectRoot = "";
            targets = (000000000000000000000050, 000000000000000000000051, 000000000000000000000052);
        };
    };
    rootObject = 000000000000000000000099;
}